
Microsoft Visual Studio Solution File, Format Version 12.00
# Visual Studio Version 17
VisualStudioVersion = 17.3.32901.215
MinimumVisualStudioVersion = 10.0.40219.1
Project("{FAE04EC0-301F-11D3-BF4B-00C04F79EFBC}") = "GameGuardianScriptMaker", "GameGuardianScriptMaker\GameGuardianScriptMaker.csproj", "{F4514516-06CA-4826-B2CA-A1E9A7410684}"
EndProject
Global
	GlobalSection(SolutionConfigurationPlatforms) = preSolution
		Debug|Any CPU = Debug|Any CPU
		Release|Any CPU = Release|Any CPU
	EndGlobalSection
	GlobalSection(ProjectConfigurationPlatforms) = postSolution
		{F4514516-06CA-4826-B2CA-A1E9A7410684}.Debug|Any CPU.ActiveCfg = Debug|Any CPU
		{F4514516-06CA-4826-B2CA-A1E9A7410684}.Debug|Any CPU.Build.0 = Debug|Any CPU
		{F4514516-06CA-4826-B2CA-A1E9A7410684}.Release|Any CPU.ActiveCfg = Release|Any CPU
		{F4514516-06CA-4826-B2CA-A1E9A7410684}.Release|Any CPU.Build.0 = Release|Any CPU
	EndGlobalSection
	GlobalSection(SolutionProperties) = preSolution
		HideSolutionNode = FALSE
	EndGlobalSection
	GlobalSection(ExtensibilityGlobals) = postSolution
		SolutionGuid = {1C1DF9EB-7490-42D9-97C4-DFB7D7D5B059}
	EndGlobalSection
EndGlobal
